
Microsoft Visual Studio Solution File, Format Version 12.00
# Visual Studio Version 16
VisualStudioVersion = 16.0.31205.134
MinimumVisualStudioVersion = 10.0.40219.1
Project("{FAE04EC0-301F-11D3-BF4B-00C04F79EFBC}") = "IPG522_FA2", "IPG522_FA2\IPG522_FA2.csproj", "{19567B74-F44B-405A-B470-228BB1227E46}"
EndProject
Global
	GlobalSection(SolutionConfigurationPlatforms) = preSolution
		Debug|Any CPU = Debug|Any CPU
		Release|Any CPU = Release|Any CPU
	EndGlobalSection
	GlobalSection(ProjectConfigurationPlatforms) = postSolution
		{19567B74-F44B-405A-B470-228BB1227E46}.Debug|Any CPU.ActiveCfg = Debug|Any CPU
		{19567B74-F44B-405A-B470-228BB1227E46}.Debug|Any CPU.Build.0 = Debug|Any CPU
		{19567B74-F44B-405A-B470-228BB1227E46}.Release|Any CPU.ActiveCfg = Release|Any CPU
		{19567B74-F44B-405A-B470-228BB1227E46}.Release|Any CPU.Build.0 = Release|Any CPU
	EndGlobalSection
	GlobalSection(SolutionProperties) = preSolution
		HideSolutionNode = FALSE
	EndGlobalSection
	GlobalSection(ExtensibilityGlobals) = postSolution
		SolutionGuid = {72EE9B3C-BE67-4995-B5F0-5092FDF4E8D8}
	EndGlobalSection
EndGlobal
